// !$*UTF8*$!
{
	archiveVersion = 1;
	classes = {
	};
	objectVersion = 46;
	objects = {

/* Begin PBXBuildFile section */
		53E3BAA81DD262690093EE65 /* main.cpp in Sources */ = {isa = PBXBuildFile; fileRef = 53E3BAA71DD262690093EE65 /* main.cpp */; };
/* End PBXBuildFile section */

/* Begin PBXCopyFilesBuildPhase section */
		53E3BA9B1DD261FF0093EE65 /* CopyFiles */ = {
			isa = PBXCopyFilesBuildPhase;
			buildActionMask = 2147483647;
			dstPath = /usr/share/man/man1/;
			dstSubfolderSpec = 0;
			files = (
			);
			runOnlyForDeploymentPostprocessing = 1;
		};
/* End PBXCopyFilesBuildPhase section */

/* Begin PBXFileReference section */
		53E3BA9D1DD261FF0093EE65 /* udpreflecter_client */ = {isa = PBXFileReference; explicitFileType = "compiled.mach-o.executable"; includeInIndex = 0; path = udpreflecter_client; sourceTree = BUILT_PRODUCTS_DIR; };
		53E3BAA71DD262690093EE65 /* main.cpp */ = {isa = PBXFileReference; fileEncoding = 4; lastKnownFileType = sourcecode.cpp.cpp; name = main.cpp; path = ../../udpforwarder/main.cpp; sourceTree = "<group>"; };
/* End PBXFileReference section */

/* Begin PBXFrameworksBuildPhase section */
		53E3BA9A1DD261FF0093EE65 /* Frameworks */ = {
			isa = PBXFrameworksBuildPhase;
			buildActionMask = 2147483647;
			files = (
			);
			runOnlyForDeploymentPostprocessing = 0;
		};
/* End PBXFrameworksBuildPhase section */

/* Begin PBXGroup section */
		53E3BA941DD261FF0093EE65 = {
			isa = PBXGroup;
			children = (
				53E3BA9F1DD261FF0093EE65 /* udpreflecter_client */,
				53E3BA9E1DD261FF0093EE65 /* Products */,
			);
			sourceTree = "<group>";
		};
		53E3BA9E1DD261FF0093EE65 /* Products */ = {
			isa = PBXGroup;
			children = (
				53E3BA9D1DD261FF0093EE65 /* udpreflecter_client */,
			);
			name = Products;
			sourceTree = "<group>";
		};
		53E3BA9F1DD261FF0093EE65 /* udpreflecter_client */ = {
			isa = PBXGroup;
			children = (
				53E3BAA71DD262690093EE65 /* main.cpp */,
			);
			path = udpreflecter_client;
			sourceTree = "<group>";
		};
/* End PBXGroup section */

/* Begin PBXNativeTarget section */
		53E3BA9C1DD261FF0093EE65 /* udpreflecter_client */ = {
			isa = PBXNativeTarget;
			buildConfigurationList = 53E3BAA41DD261FF0093EE65 /* Build configuration list for PBXNativeTarget "udpreflecter_client" */;
			buildPhases = (
				53E3BA991DD261FF0093EE65 /* Sources */,
				53E3BA9A1DD261FF0093EE65 /* Frameworks */,
				53E3BA9B1DD261FF0093EE65 /* CopyFiles */,
			);
			buildRules = (
			);
			dependencies = (
			);
			name = udpreflecter_client;
			productName = udpreflecter_client;
			productReference = 53E3BA9D1DD261FF0093EE65 /* udpreflecter_client */;
			productType = "com.apple.product-type.tool";
		};
/* End PBXNativeTarget section */

/* Begin PBXProject section */
		53E3BA951DD261FF0093EE65 /* Project object */ = {
			isa = PBXProject;
			attributes = {
				LastUpgradeCheck = 0730;
				ORGANIZATIONNAME = self;
				TargetAttributes = {
					53E3BA9C1DD261FF0093EE65 = {
						CreatedOnToolsVersion = 7.3;
					};
				};
			};
			buildConfigurationList = 53E3BA981DD261FF0093EE65 /* Build configuration list for PBXProject "udpreflecter_client" */;
			compatibilityVersion = "Xcode 3.2";
			developmentRegion = English;
			hasScannedForEncodings = 0;
			knownRegions = (
				en,
			);
			mainGroup = 53E3BA941DD261FF0093EE65;
			productRefGroup = 53E3BA9E1DD261FF0093EE65 /* Products */;
			projectDirPath = "";
			projectRoot = "";
			targets = (
				53E3BA9C1DD261FF0093EE65 /* udpreflecter_client */,
			);
		};
/* End PBXProject section */

/* Begin PBXSourcesBuildPhase section */
		53E3BA991DD261FF0093EE65 /* Sources */ = {
			isa = PBXSourcesBuildPhase;
			buildActionMask = 2147483647;
			files = (
				53E3BAA81DD262690093EE65 /* main.cpp in Sources */,
			);
			runOnlyForDeploymentPostprocessing = 0;
		};
/* End PBXSourcesBuildPhase section */

/* Begin XCBuildConfiguration section */
		53E3BAA21DD261FF0093EE65 /* Debug */ = {
			isa = XCBuildConfiguration;
			buildSettings = {
				ALWAYS_SEARCH_USER_PATHS = NO;
				CLANG_ANALYZER_NONNULL = YES;
				CLANG_CXX_LANGUAGE_STANDARD = "gnu++0x";
				CLANG_CXX_LIBRARY = "libc++";
				CLANG_ENABLE_MODULES = YES;
				CLANG_ENABLE_OBJC_ARC = YES;
				CLANG_WARN_BOOL_CONVERSION = YES;
				CLANG_WARN_CONSTANT_CONVERSION = YES;
				CLANG_WARN_DIRECT_OBJC_ISA_USAGE = YES_ERROR;
				CLANG_WARN_EMPTY_BODY = YES;
				CLANG_WARN_ENUM_CONVERSION = YES;
				CLANG_WARN_INT_CONVERSION = YES;
				CLANG_WARN_OBJC_ROOT_CLASS = YES_ERROR;
				CLANG_WARN_UNREACHABLE_CODE = YES;
				CLANG_WARN__DUPLICATE_METHOD_MATCH = YES;
				CODE_SIGN_IDENTITY = "-";
				COPY_PHASE_STRIP = NO;
				DEBUG_INFORMATION_FORMAT = dwarf;
				ENABLE_STRICT_OBJC_MSGSEND = YES;
				ENABLE_TESTABILITY = YES;
				GCC_C_LANGUAGE_STANDARD = gnu99;
				GCC_DYNAMIC_NO_PIC = NO;
				GCC_NO_COMMON_BLOCKS = YES;
				GCC_OPTIMIZATION_LEVEL = 0;
				GCC_PREPROCESSOR_DEFINITIONS = (
					"DEBUG=1",
					"$(inherited)",
				);
				GCC_WARN_64_TO_32_BIT_CONVERSION = YES;
				GCC_WARN_ABOUT_RETURN_TYPE = YES_ERROR;
				GCC_WARN_UNDECLARED_SELECTOR = YES;
				GCC_WARN_UNINITIALIZED_AUTOS = YES_AGGRESSIVE;
				GCC_WARN_UNUSED_FUNCTION = YES;
				GCC_WARN_UNUSED_VARIABLE = YES;
				MACOSX_DEPLOYMENT_TARGET = 10.11;
				MTL_ENABLE_DEBUG_INFO = YES;
				ONLY_ACTIVE_ARCH = YES;
				SDKROOT = macosx;
			};
			name = Debug;
		};
		53E3BAA31DD261FF0093EE65 /* Release */ = {
			isa = XCBuildConfiguration;
			buildSettings = {
				ALWAYS_SEARCH_USER_PATHS = NO;
				CLANG_ANALYZER_NONNULL = YES;
				CLANG_CXX_LANGUAGE_STANDARD = "gnu++0x";
				CLANG_CXX_LIBRARY = "libc++";
				CLANG_ENABLE_MODULES = YES;
				CLANG_ENABLE_OBJC_ARC = YES;
				CLANG_WARN_BOOL_CONVERSION = YES;
				CLANG_WARN_CONSTANT_CONVERSION = YES;
				CLANG_WARN_DIRECT_OBJC_ISA_USAGE = YES_ERROR;
				CLANG_WARN_EMPTY_BODY = YES;
				CLANG_WARN_ENUM_CONVERSION = YES;
				CLANG_WARN_INT_CONVERSION = YES;
				CLANG_WARN_OBJC_ROOT_CLASS = YES_ERROR;
				CLANG_WARN_UNREACHABLE_CODE = YES;
				CLANG_WARN__DUPLICATE_METHOD_MATCH = YES;
				CODE_SIGN_IDENTITY = "-";
				COPY_PHASE_STRIP = NO;
				DEBUG_INFORMATION_FORMAT = "dwarf-with-dsym";
				ENABLE_NS_ASSERTIONS = NO;
				ENABLE_STRICT_OBJC_MSGSEND = YES;
				GCC_C_LANGUAGE_STANDARD = gnu99;
				GCC_NO_COMMON_BLOCKS = YES;
				GCC_WARN_64_TO_32_BIT_CONVERSION = YES;
				GCC_WARN_ABOUT_RETURN_TYPE = YES_ERROR;
				GCC_WARN_UNDECLARED_SELECTOR = YES;
				GCC_WARN_UNINITIALIZED_AUTOS = YES_AGGRESSIVE;
				GCC_WARN_UNUSED_FUNCTION = YES;
				GCC_WARN_UNUSED_VARIABLE = YES;
				MACOSX_DEPLOYMENT_TARGET = 10.11;
				MTL_ENABLE_DEBUG_INFO = NO;
				SDKROOT = macosx;
			};
			name = Release;
		};
		53E3BAA51DD261FF0093EE65 /* Debug */ = {
			isa = XCBuildConfiguration;
			buildSettings = {
				PRODUCT_NAME = "$(TARGET_NAME)";
			};
			name = Debug;
		};
		53E3BAA61DD261FF0093EE65 /* Release */ = {
			isa = XCBuildConfiguration;
			buildSettings = {
				PRODUCT_NAME = "$(TARGET_NAME)";
			};
			name = Release;
		};
/* End XCBuildConfiguration section */

/* Begin XCConfigurationList section */
		53E3BA981DD261FF0093EE65 /* Build configuration list for PBXProject "udpreflecter_client" */ = {
			isa = XCConfigurationList;
			buildConfigurations = (
				53E3BAA21DD261FF0093EE65 /* Debug */,
				53E3BAA31DD261FF0093EE65 /* Release */,
			);
			defaultConfigurationIsVisible = 0;
			defaultConfigurationName = Release;
		};
		53E3BAA41DD261FF0093EE65 /* Build configuration list for PBXNativeTarget "udpreflecter_client" */ = {
			isa = XCConfigurationList;
			buildConfigurations = (
				53E3BAA51DD261FF0093EE65 /* Debug */,
				53E3BAA61DD261FF0093EE65 /* Release */,
			);
			defaultConfigurationIsVisible = 0;
			defaultConfigurationName = Release;
		};
/* End XCConfigurationList section */
	};
	rootObject = 53E3BA951DD261FF0093EE65 /* Project object */;
}
